
Microsoft Visual Studio Solution File, Format Version 12.00
Project("{FAE04EC0-301F-11D3-BF4B-00C04F79EFBC}") = "WebApplication10_Ori", "WebApplication10_Ori\WebApplication10_Ori.csproj", "{83FDA24C-2EF6-4AB4-A568-F9A7B0D38F00}"
EndProject
Global
	GlobalSection(SolutionConfigurationPlatforms) = preSolution
		Debug|Any CPU = Debug|Any CPU
		Release|Any CPU = Release|Any CPU
	EndGlobalSection
	GlobalSection(ProjectConfigurationPlatforms) = postSolution
		{83FDA24C-2EF6-4AB4-A568-F9A7B0D38F00}.Debug|Any CPU.ActiveCfg = Debug|Any CPU
		{83FDA24C-2EF6-4AB4-A568-F9A7B0D38F00}.Debug|Any CPU.Build.0 = Debug|Any CPU
		{83FDA24C-2EF6-4AB4-A568-F9A7B0D38F00}.Release|Any CPU.ActiveCfg = Release|Any CPU
		{83FDA24C-2EF6-4AB4-A568-F9A7B0D38F00}.Release|Any CPU.Build.0 = Release|Any CPU
	EndGlobalSection
EndGlobal
